
Microsoft Visual Studio Solution File, Format Version 12.00
# Visual Studio 15
VisualStudioVersion = 15.0.27428.2037
MinimumVisualStudioVersion = 10.0.40219.1
Project("{FAE04EC0-301F-11D3-BF4B-00C04F79EFBC}") = "Sale", "Sale\Sale.csproj", "{06159EB2-1B91-4244-BC74-4CF54FE6CC89}"
EndProject
Global
	GlobalSection(SolutionConfigurationPlatforms) = preSolution
		Debug|Any CPU = Debug|Any CPU
		Release|Any CPU = Release|Any CPU
	EndGlobalSection
	GlobalSection(ProjectConfigurationPlatforms) = postSolution
		{06159EB2-1B91-4244-BC74-4CF54FE6CC89}.Debug|Any CPU.ActiveCfg = Debug|Any CPU
		{06159EB2-1B91-4244-BC74-4CF54FE6CC89}.Debug|Any CPU.Build.0 = Debug|Any CPU
		{06159EB2-1B91-4244-BC74-4CF54FE6CC89}.Release|Any CPU.ActiveCfg = Release|Any CPU
		{06159EB2-1B91-4244-BC74-4CF54FE6CC89}.Release|Any CPU.Build.0 = Release|Any CPU
	EndGlobalSection
	GlobalSection(SolutionProperties) = preSolution
		HideSolutionNode = FALSE
	EndGlobalSection
	GlobalSection(ExtensibilityGlobals) = postSolution
		SolutionGuid = {7742AD93-A6CE-44E2-8AFC-213950547B22}
	EndGlobalSection
EndGlobal
